// !$*UTF8*$!
{
	archiveVersion = 1;
	classes = {
	};
	objectVersion = 46;
	objects = {

/* Begin PBXBuildFile section */
		607FACD61AFB9204008FA782 /* AppDelegate.swift in Sources */ = {isa = PBXBuildFile; fileRef = 607FACD51AFB9204008FA782 /* AppDelegate.swift */; };
		607FACDB1AFB9204008FA782 /* CustomForm.storyboard in Resources */ = {isa = PBXBuildFile; fileRef = 607FACD91AFB9204008FA782 /* CustomForm.storyboard */; };
		607FACDD1AFB9204008FA782 /* Images.xcassets in Resources */ = {isa = PBXBuildFile; fileRef = 607FACDC1AFB9204008FA782 /* Images.xcassets */; };
		607FACE01AFB9204008FA782 /* LaunchScreen.xib in Resources */ = {isa = PBXBuildFile; fileRef = 607FACDE1AFB9204008FA782 /* LaunchScreen.xib */; };
		84C6CA0B2699928B00722B80 /* MainViewController.swift in Sources */ = {isa = PBXBuildFile; fileRef = 84C6CA0A2699928B00722B80 /* MainViewController.swift */; };
		84C6CA0D269997E800722B80 /* CustomFormViewController.swift in Sources */ = {isa = PBXBuildFile; fileRef = 84C6CA0C269997E800722B80 /* CustomFormViewController.swift */; };
		9121E403645D5DBF87115CE3 /* Pods_InstntSDK_Example.framework in Frameworks */ = {isa = PBXBuildFile; fileRef = 8E716A623E40BACDB4DE26FC /* Pods_InstntSDK_Example.framework */; };
		FC03C57E2791E56F0061A8B1 /* UploadDocument.storyboard in Resources */ = {isa = PBXBuildFile; fileRef = FC03C57D2791E56F0061A8B1 /* UploadDocument.storyboard */; };
		FC03C5802791EBA10061A8B1 /* CustomFormPresenter.swift in Sources */ = {isa = PBXBuildFile; fileRef = FC03C57F2791EBA10061A8B1 /* CustomFormPresenter.swift */; };
		FC03C5872791FB710061A8B1 /* SwitchView.swift in Sources */ = {isa = PBXBuildFile; fileRef = FC03C5852791FB700061A8B1 /* SwitchView.swift */; };
		FC03C5882791FB710061A8B1 /* SwitchView.xib in Resources */ = {isa = PBXBuildFile; fileRef = FC03C5862791FB710061A8B1 /* SwitchView.xib */; };
		FC03C58B279202110061A8B1 /* LabelView.swift in Sources */ = {isa = PBXBuildFile; fileRef = FC03C589279202110061A8B1 /* LabelView.swift */; };
		FC03C58C279202110061A8B1 /* LabelView.xib in Resources */ = {isa = PBXBuildFile; fileRef = FC03C58A279202110061A8B1 /* LabelView.xib */; };
		FC04D36A278F524400420E6E /* VerifyOTPPresenter.swift in Sources */ = {isa = PBXBuildFile; fileRef = FC04D34A278F523C00420E6E /* VerifyOTPPresenter.swift */; };
		FC04D36B278F524400420E6E /* UIViewController+Utils.swift in Sources */ = {isa = PBXBuildFile; fileRef = FC04D34B278F523D00420E6E /* UIViewController+Utils.swift */; };
		FC04D36C278F524400420E6E /* EmailPhoneVC.swift in Sources */ = {isa = PBXBuildFile; fileRef = FC04D34C278F523D00420E6E /* EmailPhoneVC.swift */; };
		FC04D36D278F524400420E6E /* AddressPresenter.swift in Sources */ = {isa = PBXBuildFile; fileRef = FC04D34D278F523D00420E6E /* AddressPresenter.swift */; };
		FC04D36E278F524400420E6E /* ButtonView.xib in Resources */ = {isa = PBXBuildFile; fileRef = FC04D34E278F523E00420E6E /* ButtonView.xib */; };
		FC04D36F278F524400420E6E /* TextFieldView.xib in Resources */ = {isa = PBXBuildFile; fileRef = FC04D34F278F523E00420E6E /* TextFieldView.xib */; };
		FC04D370278F524400420E6E /* Address.storyboard in Resources */ = {isa = PBXBuildFile; fileRef = FC04D350278F523E00420E6E /* Address.storyboard */; };
		FC04D371278F524400420E6E /* VerifyOTPVC.swift in Sources */ = {isa = PBXBuildFile; fileRef = FC04D351278F523E00420E6E /* VerifyOTPVC.swift */; };
		FC04D372278F524400420E6E /* MyButton.swift in Sources */ = {isa = PBXBuildFile; fileRef = FC04D352278F523F00420E6E /* MyButton.swift */; };
		FC04D373278F524400420E6E /* BasePresenter.swift in Sources */ = {isa = PBXBuildFile; fileRef = FC04D353278F523F00420E6E /* BasePresenter.swift */; };
		FC04D374278F524400420E6E /* EmailPhone.storyboard in Resources */ = {isa = PBXBuildFile; fileRef = FC04D354278F523F00420E6E /* EmailPhone.storyboard */; };
		FC04D375278F524400420E6E /* FirstLastNamePresenter.swift in Sources */ = {isa = PBXBuildFile; fileRef = FC04D355278F523F00420E6E /* FirstLastNamePresenter.swift */; };
		FC04D376278F524400420E6E /* UploadDocumentVC.swift in Sources */ = {isa = PBXBuildFile; fileRef = FC04D356278F523F00420E6E /* UploadDocumentVC.swift */; };
		FC04D377278F524400420E6E /* FirstLastNameVC.swift in Sources */ = {isa = PBXBuildFile; fileRef = FC04D357278F523F00420E6E /* FirstLastNameVC.swift */; };
		FC04D378278F524400420E6E /* AddressVC.swift in Sources */ = {isa = PBXBuildFile; fileRef = FC04D358278F524000420E6E /* AddressVC.swift */; };
		FC04D379278F524400420E6E /* TextFieldTypes.swift in Sources */ = {isa = PBXBuildFile; fileRef = FC04D359278F524000420E6E /* TextFieldTypes.swift */; };
		FC04D37A278F524400420E6E /* Color+UIColor.swift in Sources */ = {isa = PBXBuildFile; fileRef = FC04D35A278F524000420E6E /* Color+UIColor.swift */; };
		FC04D37B278F524400420E6E /* EmailPhonePresenter.swift in Sources */ = {isa = PBXBuildFile; fileRef = FC04D35B278F524000420E6E /* EmailPhonePresenter.swift */; };
		FC04D37C278F524400420E6E /* UnderlinedTextField.swift in Sources */ = {isa = PBXBuildFile; fileRef = FC04D35C278F524100420E6E /* UnderlinedTextField.swift */; };
		FC04D37D278F524400420E6E /* String+Utils.swift in Sources */ = {isa = PBXBuildFile; fileRef = FC04D35D278F524100420E6E /* String+Utils.swift */; };
		FC04D37E278F524400420E6E /* UIStackView+Views.swift in Sources */ = {isa = PBXBuildFile; fileRef = FC04D35E278F524100420E6E /* UIStackView+Views.swift */; };
		FC04D37F278F524400420E6E /* Utils.swift in Sources */ = {isa = PBXBuildFile; fileRef = FC04D35F278F524100420E6E /* Utils.swift */; };
		FC04D380278F524400420E6E /* BaseViewController.swift in Sources */ = {isa = PBXBuildFile; fileRef = FC04D360278F524100420E6E /* BaseViewController.swift */; };
		FC04D381278F524400420E6E /* FirstLastName.storyboard in Resources */ = {isa = PBXBuildFile; fileRef = FC04D361278F524200420E6E /* FirstLastName.storyboard */; };
		FC04D382278F524400420E6E /* UIView+Utils.swift in Sources */ = {isa = PBXBuildFile; fileRef = FC04D362278F524200420E6E /* UIView+Utils.swift */; };
		FC04D383278F524400420E6E /* Constants.swift in Sources */ = {isa = PBXBuildFile; fileRef = FC04D363278F524200420E6E /* Constants.swift */; };
		FC04D384278F524400420E6E /* TextFieldView.swift in Sources */ = {isa = PBXBuildFile; fileRef = FC04D364278F524300420E6E /* TextFieldView.swift */; };
		FC04D385278F524400420E6E /* ButtonTypes.swift in Sources */ = {isa = PBXBuildFile; fileRef = FC04D365278F524300420E6E /* ButtonTypes.swift */; };
		FC04D386278F524400420E6E /* VerifyOTP.storyboard in Resources */ = {isa = PBXBuildFile; fileRef = FC04D366278F524300420E6E /* VerifyOTP.storyboard */; };
		FC04D387278F524400420E6E /* SpacerView.swift in Sources */ = {isa = PBXBuildFile; fileRef = FC04D367278F524300420E6E /* SpacerView.swift */; };
		FC04D388278F524400420E6E /* SpacerView.xib in Resources */ = {isa = PBXBuildFile; fileRef = FC04D368278F524400420E6E /* SpacerView.xib */; };
		FC04D389278F524400420E6E /* ButtonView.swift in Sources */ = {isa = PBXBuildFile; fileRef = FC04D369278F524400420E6E /* ButtonView.swift */; };
		FC9F83A427BA00AB00FB961B /* ExampleShared.swift in Sources */ = {isa = PBXBuildFile; fileRef = FC9F83A327BA00AB00FB961B /* ExampleShared.swift */; };
/* End PBXBuildFile section */

/* Begin PBXFileReference section */
		1734363A0AF99BF932217BD5 /* Pods-InstntSDK_Example.debug.xcconfig */ = {isa = PBXFileReference; includeInIndex = 1; lastKnownFileType = text.xcconfig; name = "Pods-InstntSDK_Example.debug.xcconfig"; path = "Target Support Files/Pods-InstntSDK_Example/Pods-InstntSDK_Example.debug.xcconfig"; sourceTree = "<group>"; };
		5287F6A72364DCF3A9A6A577 /* Pods_InstntSDK_Tests.framework */ = {isa = PBXFileReference; explicitFileType = wrapper.framework; includeInIndex = 0; path = Pods_InstntSDK_Tests.framework; sourceTree = BUILT_PRODUCTS_DIR; };
		607FACD01AFB9204008FA782 /* InstntSDK_Example.app */ = {isa = PBXFileReference; explicitFileType = wrapper.application; includeInIndex = 0; path = InstntSDK_Example.app; sourceTree = BUILT_PRODUCTS_DIR; };
		607FACD41AFB9204008FA782 /* Info.plist */ = {isa = PBXFileReference; lastKnownFileType = text.plist.xml; path = Info.plist; sourceTree = "<group>"; };
		607FACD51AFB9204008FA782 /* AppDelegate.swift */ = {isa = PBXFileReference; lastKnownFileType = sourcecode.swift; path = AppDelegate.swift; sourceTree = "<group>"; };
		607FACDA1AFB9204008FA782 /* Base */ = {isa = PBXFileReference; lastKnownFileType = file.storyboard; name = Base; path = Base.lproj/CustomForm.storyboard; sourceTree = "<group>"; };
		607FACDC1AFB9204008FA782 /* Images.xcassets */ = {isa = PBXFileReference; lastKnownFileType = folder.assetcatalog; path = Images.xcassets; sourceTree = "<group>"; };
		607FACDF1AFB9204008FA782 /* Base */ = {isa = PBXFileReference; lastKnownFileType = file.xib; name = Base; path = Base.lproj/LaunchScreen.xib; sourceTree = "<group>"; };
		633F81F66686BAB410F6BA24 /* README.md */ = {isa = PBXFileReference; includeInIndex = 1; lastKnownFileType = net.daringfireball.markdown; name = README.md; path = ../README.md; sourceTree = "<group>"; };
		84C6CA0A2699928B00722B80 /* MainViewController.swift */ = {isa = PBXFileReference; lastKnownFileType = sourcecode.swift; path = MainViewController.swift; sourceTree = "<group>"; };
		84C6CA0C269997E800722B80 /* CustomFormViewController.swift */ = {isa = PBXFileReference; lastKnownFileType = sourcecode.swift; path = CustomFormViewController.swift; sourceTree = "<group>"; };
		8E716A623E40BACDB4DE26FC /* Pods_InstntSDK_Example.framework */ = {isa = PBXFileReference; explicitFileType = wrapper.framework; includeInIndex = 0; path = Pods_InstntSDK_Example.framework; sourceTree = BUILT_PRODUCTS_DIR; };
		E27282360E95AB68108FD2BB /* Pods-InstntSDK_Example.release.xcconfig */ = {isa = PBXFileReference; includeInIndex = 1; lastKnownFileType = text.xcconfig; name = "Pods-InstntSDK_Example.release.xcconfig"; path = "Target Support Files/Pods-InstntSDK_Example/Pods-InstntSDK_Example.release.xcconfig"; sourceTree = "<group>"; };
		FA178326508F47786B0746FB /* InstntSDK.podspec */ = {isa = PBXFileReference; includeInIndex = 1; lastKnownFileType = text; name = InstntSDK.podspec; path = ../InstntSDK.podspec; sourceTree = "<group>"; xcLanguageSpecificationIdentifier = xcode.lang.ruby; };
		FC03C57D2791E56F0061A8B1 /* UploadDocument.storyboard */ = {isa = PBXFileReference; lastKnownFileType = file.storyboard; path = UploadDocument.storyboard; sourceTree = "<group>"; };
		FC03C57F2791EBA10061A8B1 /* CustomFormPresenter.swift */ = {isa = PBXFileReference; lastKnownFileType = sourcecode.swift; path = CustomFormPresenter.swift; sourceTree = "<group>"; };
		FC03C5852791FB700061A8B1 /* SwitchView.swift */ = {isa = PBXFileReference; fileEncoding = 4; lastKnownFileType = sourcecode.swift; path = SwitchView.swift; sourceTree = "<group>"; };
		FC03C5862791FB710061A8B1 /* SwitchView.xib */ = {isa = PBXFileReference; fileEncoding = 4; lastKnownFileType = file.xib; path = SwitchView.xib; sourceTree = "<group>"; };
		FC03C589279202110061A8B1 /* LabelView.swift */ = {isa = PBXFileReference; fileEncoding = 4; lastKnownFileType = sourcecode.swift; path = LabelView.swift; sourceTree = "<group>"; };
		FC03C58A279202110061A8B1 /* LabelView.xib */ = {isa = PBXFileReference; fileEncoding = 4; lastKnownFileType = file.xib; path = LabelView.xib; sourceTree = "<group>"; };
		FC04D34A278F523C00420E6E /* VerifyOTPPresenter.swift */ = {isa = PBXFileReference; fileEncoding = 4; lastKnownFileType = sourcecode.swift; path = VerifyOTPPresenter.swift; sourceTree = "<group>"; };
		FC04D34B278F523D00420E6E /* UIViewController+Utils.swift */ = {isa = PBXFileReference; fileEncoding = 4; lastKnownFileType = sourcecode.swift; path = "UIViewController+Utils.swift"; sourceTree = "<group>"; };
		FC04D34C278F523D00420E6E /* EmailPhoneVC.swift */ = {isa = PBXFileReference; fileEncoding = 4; lastKnownFileType = sourcecode.swift; path = EmailPhoneVC.swift; sourceTree = "<group>"; };
		FC04D34D278F523D00420E6E /* AddressPresenter.swift */ = {isa = PBXFileReference; fileEncoding = 4; lastKnownFileType = sourcecode.swift; path = AddressPresenter.swift; sourceTree = "<group>"; };
		FC04D34E278F523E00420E6E /* ButtonView.xib */ = {isa = PBXFileReference; fileEncoding = 4; lastKnownFileType = file.xib; path = ButtonView.xib; sourceTree = "<group>"; };
		FC04D34F278F523E00420E6E /* TextFieldView.xib */ = {isa = PBXFileReference; fileEncoding = 4; lastKnownFileType = file.xib; path = TextFieldView.xib; sourceTree = "<group>"; };
		FC04D350278F523E00420E6E /* Address.storyboard */ = {isa = PBXFileReference; fileEncoding = 4; lastKnownFileType = file.storyboard; path = Address.storyboard; sourceTree = "<group>"; };
		FC04D351278F523E00420E6E /* VerifyOTPVC.swift */ = {isa = PBXFileReference; fileEncoding = 4; lastKnownFileType = sourcecode.swift; path = VerifyOTPVC.swift; sourceTree = "<group>"; };
		FC04D352278F523F00420E6E /* MyButton.swift */ = {isa = PBXFileReference; fileEncoding = 4; lastKnownFileType = sourcecode.swift; path = MyButton.swift; sourceTree = "<group>"; };
		FC04D353278F523F00420E6E /* BasePresenter.swift */ = {isa = PBXFileReference; fileEncoding = 4; lastKnownFileType = sourcecode.swift; path = BasePresenter.swift; sourceTree = "<group>"; };
		FC04D354278F523F00420E6E /* EmailPhone.storyboard */ = {isa = PBXFileReference; fileEncoding = 4; lastKnownFileType = file.storyboard; path = EmailPhone.storyboard; sourceTree = "<group>"; };
		FC04D355278F523F00420E6E /* FirstLastNamePresenter.swift */ = {isa = PBXFileReference; fileEncoding = 4; lastKnownFileType = sourcecode.swift; path = FirstLastNamePresenter.swift; sourceTree = "<group>"; };
		FC04D356278F523F00420E6E /* UploadDocumentVC.swift */ = {isa = PBXFileReference; fileEncoding = 4; lastKnownFileType = sourcecode.swift; path = UploadDocumentVC.swift; sourceTree = "<group>"; };
		FC04D357278F523F00420E6E /* FirstLastNameVC.swift */ = {isa = PBXFileReference; fileEncoding = 4; lastKnownFileType = sourcecode.swift; path = FirstLastNameVC.swift; sourceTree = "<group>"; };
		FC04D358278F524000420E6E /* AddressVC.swift */ = {isa = PBXFileReference; fileEncoding = 4; lastKnownFileType = sourcecode.swift; path = AddressVC.swift; sourceTree = "<group>"; };
		FC04D359278F524000420E6E /* TextFieldTypes.swift */ = {isa = PBXFileReference; fileEncoding = 4; lastKnownFileType = sourcecode.swift; path = TextFieldTypes.swift; sourceTree = "<group>"; };
		FC04D35A278F524000420E6E /* Color+UIColor.swift */ = {isa = PBXFileReference; fileEncoding = 4; lastKnownFileType = sourcecode.swift; path = "Color+UIColor.swift"; sourceTree = "<group>"; };
		FC04D35B278F524000420E6E /* EmailPhonePresenter.swift */ = {isa = PBXFileReference; fileEncoding = 4; lastKnownFileType = sourcecode.swift; path = EmailPhonePresenter.swift; sourceTree = "<group>"; };
		FC04D35C278F524100420E6E /* UnderlinedTextField.swift */ = {isa = PBXFileReference; fileEncoding = 4; lastKnownFileType = sourcecode.swift; path = UnderlinedTextField.swift; sourceTree = "<group>"; };
		FC04D35D278F524100420E6E /* String+Utils.swift */ = {isa = PBXFileReference; fileEncoding = 4; lastKnownFileType = sourcecode.swift; path = "String+Utils.swift"; sourceTree = "<group>"; };
		FC04D35E278F524100420E6E /* UIStackView+Views.swift */ = {isa = PBXFileReference; fileEncoding = 4; lastKnownFileType = sourcecode.swift; path = "UIStackView+Views.swift"; sourceTree = "<group>"; };
		FC04D35F278F524100420E6E /* Utils.swift */ = {isa = PBXFileReference; fileEncoding = 4; lastKnownFileType = sourcecode.swift; path = Utils.swift; sourceTree = "<group>"; };
		FC04D360278F524100420E6E /* BaseViewController.swift */ = {isa = PBXFileReference; fileEncoding = 4; lastKnownFileType = sourcecode.swift; path = BaseViewController.swift; sourceTree = "<group>"; };
		FC04D361278F524200420E6E /* FirstLastName.storyboard */ = {isa = PBXFileReference; fileEncoding = 4; lastKnownFileType = file.storyboard; path = FirstLastName.storyboard; sourceTree = "<group>"; };
		FC04D362278F524200420E6E /* UIView+Utils.swift */ = {isa = PBXFileReference; fileEncoding = 4; lastKnownFileType = sourcecode.swift; path = "UIView+Utils.swift"; sourceTree = "<group>"; };
		FC04D363278F524200420E6E /* Constants.swift */ = {isa = PBXFileReference; fileEncoding = 4; lastKnownFileType = sourcecode.swift; path = Constants.swift; sourceTree = "<group>"; };
		FC04D364278F524300420E6E /* TextFieldView.swift */ = {isa = PBXFileReference; fileEncoding = 4; lastKnownFileType = sourcecode.swift; path = TextFieldView.swift; sourceTree = "<group>"; };
		FC04D365278F524300420E6E /* ButtonTypes.swift */ = {isa = PBXFileReference; fileEncoding = 4; lastKnownFileType = sourcecode.swift; path = ButtonTypes.swift; sourceTree = "<group>"; };
		FC04D366278F524300420E6E /* VerifyOTP.storyboard */ = {isa = PBXFileReference; fileEncoding = 4; lastKnownFileType = file.storyboard; path = VerifyOTP.storyboard; sourceTree = "<group>"; };
		FC04D367278F524300420E6E /* SpacerView.swift */ = {isa = PBXFileReference; fileEncoding = 4; lastKnownFileType = sourcecode.swift; path = SpacerView.swift; sourceTree = "<group>"; };
		FC04D368278F524400420E6E /* SpacerView.xib */ = {isa = PBXFileReference; fileEncoding = 4; lastKnownFileType = file.xib; path = SpacerView.xib; sourceTree = "<group>"; };
		FC04D369278F524400420E6E /* ButtonView.swift */ = {isa = PBXFileReference; fileEncoding = 4; lastKnownFileType = sourcecode.swift; path = ButtonView.swift; sourceTree = "<group>"; };
		FC9F83A327BA00AB00FB961B /* ExampleShared.swift */ = {isa = PBXFileReference; lastKnownFileType = sourcecode.swift; path = ExampleShared.swift; sourceTree = "<group>"; };
/* End PBXFileReference section */

/* Begin PBXFrameworksBuildPhase section */
		607FACCD1AFB9204008FA782 /* Frameworks */ = {
			isa = PBXFrameworksBuildPhase;
			buildActionMask = 2147483647;
			files = (
				9121E403645D5DBF87115CE3 /* Pods_InstntSDK_Example.framework in Frameworks */,
			);
			runOnlyForDeploymentPostprocessing = 0;
		};
/* End PBXFrameworksBuildPhase section */

/* Begin PBXGroup section */
		60503B856632B7B6AC498A88 /* Frameworks */ = {
			isa = PBXGroup;
			children = (
				8E716A623E40BACDB4DE26FC /* Pods_InstntSDK_Example.framework */,
				5287F6A72364DCF3A9A6A577 /* Pods_InstntSDK_Tests.framework */,
			);
			name = Frameworks;
			sourceTree = "<group>";
		};
		607FACC71AFB9204008FA782 = {
			isa = PBXGroup;
			children = (
				607FACF51AFB993E008FA782 /* Podspec Metadata */,
				607FACD21AFB9204008FA782 /* Example for InstntSDK */,
				607FACD11AFB9204008FA782 /* Products */,
				96C741C8C8E44A60AD987BB8 /* Pods */,
				60503B856632B7B6AC498A88 /* Frameworks */,
			);
			sourceTree = "<group>";
		};
		607FACD11AFB9204008FA782 /* Products */ = {
			isa = PBXGroup;
			children = (
				607FACD01AFB9204008FA782 /* InstntSDK_Example.app */,
			);
			name = Products;
			sourceTree = "<group>";
		};
		607FACD21AFB9204008FA782 /* Example for InstntSDK */ = {
			isa = PBXGroup;
			children = (
				FC9F83A327BA00AB00FB961B /* ExampleShared.swift */,
				FC04D349278F51E200420E6E /* UI */,
				607FACD51AFB9204008FA782 /* AppDelegate.swift */,
				84C6CA0A2699928B00722B80 /* MainViewController.swift */,
				607FACDC1AFB9204008FA782 /* Images.xcassets */,
				607FACDE1AFB9204008FA782 /* LaunchScreen.xib */,
				607FACD31AFB9204008FA782 /* Supporting Files */,
			);
			name = "Example for InstntSDK";
			path = InstntSDK;
			sourceTree = "<group>";
		};
		607FACD31AFB9204008FA782 /* Supporting Files */ = {
			isa = PBXGroup;
			children = (
				607FACD41AFB9204008FA782 /* Info.plist */,
			);
			name = "Supporting Files";
			sourceTree = "<group>";
		};
		607FACF51AFB993E008FA782 /* Podspec Metadata */ = {
			isa = PBXGroup;
			children = (
				FA178326508F47786B0746FB /* InstntSDK.podspec */,
				633F81F66686BAB410F6BA24 /* README.md */,
			);
			name = "Podspec Metadata";
			sourceTree = "<group>";
		};
		96C741C8C8E44A60AD987BB8 /* Pods */ = {
			isa = PBXGroup;
			children = (
				1734363A0AF99BF932217BD5 /* Pods-InstntSDK_Example.debug.xcconfig */,
				E27282360E95AB68108FD2BB /* Pods-InstntSDK_Example.release.xcconfig */,
			);
			path = Pods;
			sourceTree = "<group>";
		};
		FC03C57C2791D5320061A8B1 /* Generic */ = {
			isa = PBXGroup;
			children = (
				FC04D352278F523F00420E6E /* MyButton.swift */,
				FC03C5852791FB700061A8B1 /* SwitchView.swift */,
				FC03C5862791FB710061A8B1 /* SwitchView.xib */,
				FC04D367278F524300420E6E /* SpacerView.swift */,
				FC04D368278F524400420E6E /* SpacerView.xib */,
				FC04D35D278F524100420E6E /* String+Utils.swift */,
				FC04D359278F524000420E6E /* TextFieldTypes.swift */,
				FC04D364278F524300420E6E /* TextFieldView.swift */,
				FC04D34F278F523E00420E6E /* TextFieldView.xib */,
				FC04D35E278F524100420E6E /* UIStackView+Views.swift */,
				FC04D362278F524200420E6E /* UIView+Utils.swift */,
				FC04D34B278F523D00420E6E /* UIViewController+Utils.swift */,
				FC04D35C278F524100420E6E /* UnderlinedTextField.swift */,
				FC04D35F278F524100420E6E /* Utils.swift */,
				FC04D353278F523F00420E6E /* BasePresenter.swift */,
				FC04D360278F524100420E6E /* BaseViewController.swift */,
				FC04D365278F524300420E6E /* ButtonTypes.swift */,
				FC04D369278F524400420E6E /* ButtonView.swift */,
				FC04D34E278F523E00420E6E /* ButtonView.xib */,
				FC04D35A278F524000420E6E /* Color+UIColor.swift */,
				FC04D363278F524200420E6E /* Constants.swift */,
				FC03C589279202110061A8B1 /* LabelView.swift */,
				FC03C58A279202110061A8B1 /* LabelView.xib */,
			);
			path = Generic;
			sourceTree = "<group>";
		};
		FC04D349278F51E200420E6E /* UI */ = {
			isa = PBXGroup;
			children = (
				FC03C57C2791D5320061A8B1 /* Generic */,
				FC04D350278F523E00420E6E /* Address.storyboard */,
				FC04D34D278F523D00420E6E /* AddressPresenter.swift */,
				FC04D358278F524000420E6E /* AddressVC.swift */,
				FC04D354278F523F00420E6E /* EmailPhone.storyboard */,
				FC04D35B278F524000420E6E /* EmailPhonePresenter.swift */,
				FC04D34C278F523D00420E6E /* EmailPhoneVC.swift */,
				FC04D361278F524200420E6E /* FirstLastName.storyboard */,
				FC04D355278F523F00420E6E /* FirstLastNamePresenter.swift */,
				FC04D357278F523F00420E6E /* FirstLastNameVC.swift */,
				FC03C57D2791E56F0061A8B1 /* UploadDocument.storyboard */,
				FC04D356278F523F00420E6E /* UploadDocumentVC.swift */,
				FC04D366278F524300420E6E /* VerifyOTP.storyboard */,
				FC04D34A278F523C00420E6E /* VerifyOTPPresenter.swift */,
				FC04D351278F523E00420E6E /* VerifyOTPVC.swift */,
				FC03C57F2791EBA10061A8B1 /* CustomFormPresenter.swift */,
				84C6CA0C269997E800722B80 /* CustomFormViewController.swift */,
				607FACD91AFB9204008FA782 /* CustomForm.storyboard */,
			);
			path = UI;
			sourceTree = "<group>";
		};
/* End PBXGroup section */

/* Begin PBXNativeTarget section */
		607FACCF1AFB9204008FA782 /* InstntSDK_Example */ = {
			isa = PBXNativeTarget;
			buildConfigurationList = 607FACEF1AFB9204008FA782 /* Build configuration list for PBXNativeTarget "InstntSDK_Example" */;
			buildPhases = (
				6AE7C70AFE2AD2EF14C2CEFA /* [CP] Check Pods Manifest.lock */,
				607FACCC1AFB9204008FA782 /* Sources */,
				607FACCD1AFB9204008FA782 /* Frameworks */,
				607FACCE1AFB9204008FA782 /* Resources */,
				2DE7110AA0297BDAAD5029D8 /* [CP] Embed Pods Frameworks */,
			);
			buildRules = (
			);
			dependencies = (
			);
			name = InstntSDK_Example;
			productName = InstntSDK;
			productReference = 607FACD01AFB9204008FA782 /* InstntSDK_Example.app */;
			productType = "com.apple.product-type.application";
		};
/* End PBXNativeTarget section */

/* Begin PBXProject section */
		607FACC81AFB9204008FA782 /* Project object */ = {
			isa = PBXProject;
			attributes = {
				LastSwiftUpdateCheck = 0830;
				LastUpgradeCheck = 0830;
				ORGANIZATIONNAME = CocoaPods;
				TargetAttributes = {
					607FACCF1AFB9204008FA782 = {
						CreatedOnToolsVersion = 6.3.1;
						DevelopmentTeam = 5448SDW7QG;
						LastSwiftMigration = 0900;
						ProvisioningStyle = Automatic;
					};
				};
			};
			buildConfigurationList = 607FACCB1AFB9204008FA782 /* Build configuration list for PBXProject "InstntSDK" */;
			compatibilityVersion = "Xcode 3.2";
			developmentRegion = English;
			hasScannedForEncodings = 0;
			knownRegions = (
				English,
				en,
				Base,
			);
			mainGroup = 607FACC71AFB9204008FA782;
			productRefGroup = 607FACD11AFB9204008FA782 /* Products */;
			projectDirPath = "";
			projectRoot = "";
			targets = (
				607FACCF1AFB9204008FA782 /* InstntSDK_Example */,
			);
		};
/* End PBXProject section */

/* Begin PBXResourcesBuildPhase section */
		607FACCE1AFB9204008FA782 /* Resources */ = {
			isa = PBXResourcesBuildPhase;
			buildActionMask = 2147483647;
			files = (
				FC04D36F278F524400420E6E /* TextFieldView.xib in Resources */,
				FC04D370278F524400420E6E /* Address.storyboard in Resources */,
				FC03C57E2791E56F0061A8B1 /* UploadDocument.storyboard in Resources */,
				FC04D386278F524400420E6E /* VerifyOTP.storyboard in Resources */,
				FC03C5882791FB710061A8B1 /* SwitchView.xib in Resources */,
				FC04D374278F524400420E6E /* EmailPhone.storyboard in Resources */,
				607FACDB1AFB9204008FA782 /* CustomForm.storyboard in Resources */,
				FC03C58C279202110061A8B1 /* LabelView.xib in Resources */,
				FC04D381278F524400420E6E /* FirstLastName.storyboard in Resources */,
				607FACE01AFB9204008FA782 /* LaunchScreen.xib in Resources */,
				FC04D36E278F524400420E6E /* ButtonView.xib in Resources */,
				FC04D388278F524400420E6E /* SpacerView.xib in Resources */,
				607FACDD1AFB9204008FA782 /* Images.xcassets in Resources */,
			);
			runOnlyForDeploymentPostprocessing = 0;
		};
/* End PBXResourcesBuildPhase section */

/* Begin PBXShellScriptBuildPhase section */
		2DE7110AA0297BDAAD5029D8 /* [CP] Embed Pods Frameworks */ = {
			isa = PBXShellScriptBuildPhase;
			buildActionMask = 2147483647;
			files = (
			);
			inputPaths = (
				"${PODS_ROOT}/Target Support Files/Pods-InstntSDK_Example/Pods-InstntSDK_Example-frameworks.sh",
				"${BUILT_PRODUCTS_DIR}/ActionSheetPicker-3.0/ActionSheetPicker_3_0.framework",
				"${BUILT_PRODUCTS_DIR}/Alamofire/Alamofire.framework",
				"${BUILT_PRODUCTS_DIR}/DeviceKit/DeviceKit.framework",
				"${BUILT_PRODUCTS_DIR}/IQKeyboardManagerSwift/IQKeyboardManagerSwift.framework",
				"${PODS_ROOT}/../../CFDocumentScanSDK.framework",
				"${PODS_ROOT}/../../IDMetricsSelfieCapture.framework",
				"${BUILT_PRODUCTS_DIR}/InstntSDK/InstntSDK.framework",
				"${BUILT_PRODUCTS_DIR}/SVProgressHUD/SVProgressHUD.framework",
				"${BUILT_PRODUCTS_DIR}/SnapKit/SnapKit.framework",
			);
			name = "[CP] Embed Pods Frameworks";
			outputPaths = (
				"${TARGET_BUILD_DIR}/${FRAMEWORKS_FOLDER_PATH}/ActionSheetPicker_3_0.framework",
				"${TARGET_BUILD_DIR}/${FRAMEWORKS_FOLDER_PATH}/Alamofire.framework",
				"${TARGET_BUILD_DIR}/${FRAMEWORKS_FOLDER_PATH}/DeviceKit.framework",
				"${TARGET_BUILD_DIR}/${FRAMEWORKS_FOLDER_PATH}/IQKeyboardManagerSwift.framework",
				"${TARGET_BUILD_DIR}/${FRAMEWORKS_FOLDER_PATH}/CFDocumentScanSDK.framework",
				"${TARGET_BUILD_DIR}/${FRAMEWORKS_FOLDER_PATH}/IDMetricsSelfieCapture.framework",
				"${TARGET_BUILD_DIR}/${FRAMEWORKS_FOLDER_PATH}/InstntSDK.framework",
				"${TARGET_BUILD_DIR}/${FRAMEWORKS_FOLDER_PATH}/SVProgressHUD.framework",
				"${TARGET_BUILD_DIR}/${FRAMEWORKS_FOLDER_PATH}/SnapKit.framework",
			);
			runOnlyForDeploymentPostprocessing = 0;
			shellPath = /bin/sh;
			shellScript = "\"${PODS_ROOT}/Target Support Files/Pods-InstntSDK_Example/Pods-InstntSDK_Example-frameworks.sh\"\n";
			showEnvVarsInLog = 0;
		};
		6AE7C70AFE2AD2EF14C2CEFA /* [CP] Check Pods Manifest.lock */ = {
			isa = PBXShellScriptBuildPhase;
			buildActionMask = 2147483647;
			files = (
			);
			inputFileListPaths = (
			);
			inputPaths = (
				"${PODS_PODFILE_DIR_PATH}/Podfile.lock",
				"${PODS_ROOT}/Manifest.lock",
			);
			name = "[CP] Check Pods Manifest.lock";
			outputFileListPaths = (
			);
			outputPaths = (
				"$(DERIVED_FILE_DIR)/Pods-InstntSDK_Example-checkManifestLockResult.txt",
			);
			runOnlyForDeploymentPostprocessing = 0;
			shellPath = /bin/sh;
			shellScript = "diff \"${PODS_PODFILE_DIR_PATH}/Podfile.lock\" \"${PODS_ROOT}/Manifest.lock\" > /dev/null\nif [ $? != 0 ] ; then\n    # print error to STDERR\n    echo \"error: The sandbox is not in sync with the Podfile.lock. Run 'pod install' or update your CocoaPods installation.\" >&2\n    exit 1\nfi\n# This output is used by Xcode 'outputs' to avoid re-running this script phase.\necho \"SUCCESS\" > \"${SCRIPT_OUTPUT_FILE_0}\"\n";
			showEnvVarsInLog = 0;
		};
/* End PBXShellScriptBuildPhase section */

/* Begin PBXSourcesBuildPhase section */
		607FACCC1AFB9204008FA782 /* Sources */ = {
			isa = PBXSourcesBuildPhase;
			buildActionMask = 2147483647;
			files = (
				FC04D387278F524400420E6E /* SpacerView.swift in Sources */,
				FC04D383278F524400420E6E /* Constants.swift in Sources */,
				FC04D37D278F524400420E6E /* String+Utils.swift in Sources */,
				FC04D371278F524400420E6E /* VerifyOTPVC.swift in Sources */,
				FC04D36A278F524400420E6E /* VerifyOTPPresenter.swift in Sources */,
				FC04D389278F524400420E6E /* ButtonView.swift in Sources */,
				FC04D380278F524400420E6E /* BaseViewController.swift in Sources */,
				84C6CA0B2699928B00722B80 /* MainViewController.swift in Sources */,
				FC03C5872791FB710061A8B1 /* SwitchView.swift in Sources */,
				FC04D385278F524400420E6E /* ButtonTypes.swift in Sources */,
				FC04D36C278F524400420E6E /* EmailPhoneVC.swift in Sources */,
				FC04D37E278F524400420E6E /* UIStackView+Views.swift in Sources */,
				FC04D37C278F524400420E6E /* UnderlinedTextField.swift in Sources */,
				FC04D37F278F524400420E6E /* Utils.swift in Sources */,
				FC04D37A278F524400420E6E /* Color+UIColor.swift in Sources */,
				FC04D382278F524400420E6E /* UIView+Utils.swift in Sources */,
				FC04D36B278F524400420E6E /* UIViewController+Utils.swift in Sources */,
				FC9F83A427BA00AB00FB961B /* ExampleShared.swift in Sources */,
				FC04D377278F524400420E6E /* FirstLastNameVC.swift in Sources */,
				FC03C5802791EBA10061A8B1 /* CustomFormPresenter.swift in Sources */,
				FC03C58B279202110061A8B1 /* LabelView.swift in Sources */,
				FC04D37B278F524400420E6E /* EmailPhonePresenter.swift in Sources */,
				FC04D384278F524400420E6E /* TextFieldView.swift in Sources */,
				FC04D378278F524400420E6E /* AddressVC.swift in Sources */,
				607FACD61AFB9204008FA782 /* AppDelegate.swift in Sources */,
				FC04D372278F524400420E6E /* MyButton.swift in Sources */,
				FC04D376278F524400420E6E /* UploadDocumentVC.swift in Sources */,
				FC04D375278F524400420E6E /* FirstLastNamePresenter.swift in Sources */,
				84C6CA0D269997E800722B80 /* CustomFormViewController.swift in Sources */,
				FC04D379278F524400420E6E /* TextFieldTypes.swift in Sources */,
				FC04D36D278F524400420E6E /* AddressPresenter.swift in Sources */,
				FC04D373278F524400420E6E /* BasePresenter.swift in Sources */,
			);
			runOnlyForDeploymentPostprocessing = 0;
		};
/* End PBXSourcesBuildPhase section */

/* Begin PBXVariantGroup section */
		607FACD91AFB9204008FA782 /* CustomForm.storyboard */ = {
			isa = PBXVariantGroup;
			children = (
				607FACDA1AFB9204008FA782 /* Base */,
			);
			name = CustomForm.storyboard;
			sourceTree = "<group>";
		};
		607FACDE1AFB9204008FA782 /* LaunchScreen.xib */ = {
			isa = PBXVariantGroup;
			children = (
				607FACDF1AFB9204008FA782 /* Base */,
			);
			name = LaunchScreen.xib;
			sourceTree = "<group>";
		};
/* End PBXVariantGroup section */

/* Begin XCBuildConfiguration section */
		607FACED1AFB9204008FA782 /* Debug */ = {
			isa = XCBuildConfiguration;
			buildSettings = {
				ALWAYS_SEARCH_USER_PATHS = NO;
				CLANG_CXX_LANGUAGE_STANDARD = "gnu++0x";
				CLANG_CXX_LIBRARY = "libc++";
				CLANG_ENABLE_MODULES = YES;
				CLANG_ENABLE_OBJC_ARC = YES;
				CLANG_WARN_BLOCK_CAPTURE_AUTORELEASING = YES;
				CLANG_WARN_BOOL_CONVERSION = YES;
				CLANG_WARN_COMMA = YES;
				CLANG_WARN_CONSTANT_CONVERSION = YES;
				CLANG_WARN_DIRECT_OBJC_ISA_USAGE = YES_ERROR;
				CLANG_WARN_EMPTY_BODY = YES;
				CLANG_WARN_ENUM_CONVERSION = YES;
				CLANG_WARN_INFINITE_RECURSION = YES;
				CLANG_WARN_INT_CONVERSION = YES;
				CLANG_WARN_NON_LITERAL_NULL_CONVERSION = YES;
				CLANG_WARN_OBJC_LITERAL_CONVERSION = YES;
				CLANG_WARN_OBJC_ROOT_CLASS = YES_ERROR;
				CLANG_WARN_RANGE_LOOP_ANALYSIS = YES;
				CLANG_WARN_STRICT_PROTOTYPES = YES;
				CLANG_WARN_SUSPICIOUS_MOVE = YES;
				CLANG_WARN_UNREACHABLE_CODE = YES;
				CLANG_WARN__DUPLICATE_METHOD_MATCH = YES;
				"CODE_SIGN_IDENTITY[sdk=iphoneos*]" = "iPhone Developer";
				COPY_PHASE_STRIP = NO;
				DEBUG_INFORMATION_FORMAT = "dwarf-with-dsym";
				ENABLE_STRICT_OBJC_MSGSEND = YES;
				ENABLE_TESTABILITY = YES;
				GCC_C_LANGUAGE_STANDARD = gnu99;
				GCC_DYNAMIC_NO_PIC = NO;
				GCC_NO_COMMON_BLOCKS = YES;
				GCC_OPTIMIZATION_LEVEL = 0;
				GCC_PREPROCESSOR_DEFINITIONS = (
					"DEBUG=1",
					"$(inherited)",
				);
				GCC_SYMBOLS_PRIVATE_EXTERN = NO;
				GCC_WARN_64_TO_32_BIT_CONVERSION = YES;
				GCC_WARN_ABOUT_RETURN_TYPE = YES_ERROR;
				GCC_WARN_UNDECLARED_SELECTOR = YES;
				GCC_WARN_UNINITIALIZED_AUTOS = YES_AGGRESSIVE;
				GCC_WARN_UNUSED_FUNCTION = YES;
				GCC_WARN_UNUSED_VARIABLE = YES;
				IPHONEOS_DEPLOYMENT_TARGET = 9.3;
				MTL_ENABLE_DEBUG_INFO = YES;
				ONLY_ACTIVE_ARCH = YES;
				SDKROOT = iphoneos;
				SWIFT_OPTIMIZATION_LEVEL = "-Onone";
			};
			name = Debug;
		};
		607FACEE1AFB9204008FA782 /* Release */ = {
			isa = XCBuildConfiguration;
			buildSettings = {
				ALWAYS_SEARCH_USER_PATHS = NO;
				CLANG_CXX_LANGUAGE_STANDARD = "gnu++0x";
				CLANG_CXX_LIBRARY = "libc++";
				CLANG_ENABLE_MODULES = YES;
				CLANG_ENABLE_OBJC_ARC = YES;
				CLANG_WARN_BLOCK_CAPTURE_AUTORELEASING = YES;
				CLANG_WARN_BOOL_CONVERSION = YES;
				CLANG_WARN_COMMA = YES;
				CLANG_WARN_CONSTANT_CONVERSION = YES;
				CLANG_WARN_DIRECT_OBJC_ISA_USAGE = YES_ERROR;
				CLANG_WARN_EMPTY_BODY = YES;
				CLANG_WARN_ENUM_CONVERSION = YES;
				CLANG_WARN_INFINITE_RECURSION = YES;
				CLANG_WARN_INT_CONVERSION = YES;
				CLANG_WARN_NON_LITERAL_NULL_CONVERSION = YES;
				CLANG_WARN_OBJC_LITERAL_CONVERSION = YES;
				CLANG_WARN_OBJC_ROOT_CLASS = YES_ERROR;
				CLANG_WARN_RANGE_LOOP_ANALYSIS = YES;
				CLANG_WARN_STRICT_PROTOTYPES = YES;
				CLANG_WARN_SUSPICIOUS_MOVE = YES;
				CLANG_WARN_UNREACHABLE_CODE = YES;
				CLANG_WARN__DUPLICATE_METHOD_MATCH = YES;
				"CODE_SIGN_IDENTITY[sdk=iphoneos*]" = "iPhone Developer";
				COPY_PHASE_STRIP = NO;
				DEBUG_INFORMATION_FORMAT = "dwarf-with-dsym";
				ENABLE_NS_ASSERTIONS = NO;
				ENABLE_STRICT_OBJC_MSGSEND = YES;
				GCC_C_LANGUAGE_STANDARD = gnu99;
				GCC_NO_COMMON_BLOCKS = YES;
				GCC_WARN_64_TO_32_BIT_CONVERSION = YES;
				GCC_WARN_ABOUT_RETURN_TYPE = YES_ERROR;
				GCC_WARN_UNDECLARED_SELECTOR = YES;
				GCC_WARN_UNINITIALIZED_AUTOS = YES_AGGRESSIVE;
				GCC_WARN_UNUSED_FUNCTION = YES;
				GCC_WARN_UNUSED_VARIABLE = YES;
				IPHONEOS_DEPLOYMENT_TARGET = 9.3;
				MTL_ENABLE_DEBUG_INFO = NO;
				SDKROOT = iphoneos;
				SWIFT_OPTIMIZATION_LEVEL = "-Owholemodule";
				VALIDATE_PRODUCT = YES;
			};
			name = Release;
		};
		607FACF01AFB9204008FA782 /* Debug */ = {
			isa = XCBuildConfiguration;
			baseConfigurationReference = 1734363A0AF99BF932217BD5 /* Pods-InstntSDK_Example.debug.xcconfig */;
			buildSettings = {
				ASSETCATALOG_COMPILER_APPICON_NAME = AppIcon;
				CODE_SIGN_IDENTITY = "Apple Development";
				CODE_SIGN_STYLE = Automatic;
				CURRENT_PROJECT_VERSION = 4;
				DEVELOPMENT_TEAM = 5448SDW7QG;
				INFOPLIST_FILE = InstntSDK/Info.plist;
				IPHONEOS_DEPLOYMENT_TARGET = 11.0;
				LD_RUNPATH_SEARCH_PATHS = "$(inherited) @executable_path/Frameworks";
				MODULE_NAME = ExampleApp;
				PRODUCT_BUNDLE_IDENTIFIER = org.instnt.accept;
				PRODUCT_NAME = "$(TARGET_NAME)";
				PROVISIONING_PROFILE_SPECIFIER = "";
				SWIFT_SWIFT3_OBJC_INFERENCE = Default;
				SWIFT_VERSION = 4.0;
			};
			name = Debug;
		};
		607FACF11AFB9204008FA782 /* Release */ = {
			isa = XCBuildConfiguration;
			baseConfigurationReference = E27282360E95AB68108FD2BB /* Pods-InstntSDK_Example.release.xcconfig */;
			buildSettings = {
				ASSETCATALOG_COMPILER_APPICON_NAME = AppIcon;
				CODE_SIGN_IDENTITY = "Apple Development";
				CODE_SIGN_STYLE = Automatic;
				CURRENT_PROJECT_VERSION = 4;
				DEVELOPMENT_TEAM = 5448SDW7QG;
				INFOPLIST_FILE = InstntSDK/Info.plist;
				IPHONEOS_DEPLOYMENT_TARGET = 11.0;
				LD_RUNPATH_SEARCH_PATHS = "$(inherited) @executable_path/Frameworks";
				MODULE_NAME = ExampleApp;
				PRODUCT_BUNDLE_IDENTIFIER = org.instnt.accept;
				PRODUCT_NAME = "$(TARGET_NAME)";
				PROVISIONING_PROFILE_SPECIFIER = "";
				SWIFT_SWIFT3_OBJC_INFERENCE = Default;
				SWIFT_VERSION = 4.0;
			};
			name = Release;
		};
/* End XCBuildConfiguration section */

/* Begin XCConfigurationList section */
		607FACCB1AFB9204008FA782 /* Build configuration list for PBXProject "InstntSDK" */ = {
			isa = XCConfigurationList;
			buildConfigurations = (
				607FACED1AFB9204008FA782 /* Debug */,
				607FACEE1AFB9204008FA782 /* Release */,
			);
			defaultConfigurationIsVisible = 0;
			defaultConfigurationName = Release;
		};
		607FACEF1AFB9204008FA782 /* Build configuration list for PBXNativeTarget "InstntSDK_Example" */ = {
			isa = XCConfigurationList;
			buildConfigurations = (
				607FACF01AFB9204008FA782 /* Debug */,
				607FACF11AFB9204008FA782 /* Release */,
			);
			defaultConfigurationIsVisible = 0;
			defaultConfigurationName = Release;
		};
/* End XCConfigurationList section */
	};
	rootObject = 607FACC81AFB9204008FA782 /* Project object */;
}
